// !$*UTF8*$!
{
	archiveVersion = 1;
	classes = {
	};
	objectVersion = 56;
	objects = {

/* Begin PBXBuildFile section */
		E8C2EB7F297A2A7E00671CBF /* AppDelegate.swift in Sources */ = {isa = PBXBuildFile; fileRef = E8C2EB7E297A2A7E00671CBF /* AppDelegate.swift */; };
		E8C2EB81297A2A7E00671CBF /* SceneDelegate.swift in Sources */ = {isa = PBXBuildFile; fileRef = E8C2EB80297A2A7E00671CBF /* SceneDelegate.swift */; };
		E8C2EB88297A2A7F00671CBF /* Assets.xcassets in Resources */ = {isa = PBXBuildFile; fileRef = E8C2EB87297A2A7F00671CBF /* Assets.xcassets */; };
		E8C2EB8B297A2A7F00671CBF /* LaunchScreen.storyboard in Resources */ = {isa = PBXBuildFile; fileRef = E8C2EB89297A2A7F00671CBF /* LaunchScreen.storyboard */; };
		E8C2EB96297A2C1C00671CBF /* HomeView.swift in Sources */ = {isa = PBXBuildFile; fileRef = E8C2EB94297A2C1C00671CBF /* HomeView.swift */; };
		E8C2EB97297A2C1C00671CBF /* HomeView.xib in Resources */ = {isa = PBXBuildFile; fileRef = E8C2EB95297A2C1C00671CBF /* HomeView.xib */; };
		E8C2EB9D297A2CDA00671CBF /* HomeRouter.swift in Sources */ = {isa = PBXBuildFile; fileRef = E8C2EB9C297A2CDA00671CBF /* HomeRouter.swift */; };
		E8C2EBA1297A318000671CBF /* HomeViewModel.swift in Sources */ = {isa = PBXBuildFile; fileRef = E8C2EBA0297A318000671CBF /* HomeViewModel.swift */; };
		E8C2EBA4297A3C2600671CBF /* Constants.swift in Sources */ = {isa = PBXBuildFile; fileRef = E8C2EBA3297A3C2600671CBF /* Constants.swift */; };
		E8C2EBAA297A40DA00671CBF /* RxCocoa in Frameworks */ = {isa = PBXBuildFile; productRef = E8C2EBA9297A40DA00671CBF /* RxCocoa */; };
		E8C2EBAC297A40DA00671CBF /* RxSwift in Frameworks */ = {isa = PBXBuildFile; productRef = E8C2EBAB297A40DA00671CBF /* RxSwift */; };
/* End PBXBuildFile section */

/* Begin PBXFileReference section */
		E8C2EB7B297A2A7E00671CBF /* MoviesAppRxSwift.app */ = {isa = PBXFileReference; explicitFileType = wrapper.application; includeInIndex = 0; path = MoviesAppRxSwift.app; sourceTree = BUILT_PRODUCTS_DIR; };
		E8C2EB7E297A2A7E00671CBF /* AppDelegate.swift */ = {isa = PBXFileReference; lastKnownFileType = sourcecode.swift; path = AppDelegate.swift; sourceTree = "<group>"; };
		E8C2EB80297A2A7E00671CBF /* SceneDelegate.swift */ = {isa = PBXFileReference; lastKnownFileType = sourcecode.swift; path = SceneDelegate.swift; sourceTree = "<group>"; };
		E8C2EB87297A2A7F00671CBF /* Assets.xcassets */ = {isa = PBXFileReference; lastKnownFileType = folder.assetcatalog; path = Assets.xcassets; sourceTree = "<group>"; };
		E8C2EB8A297A2A7F00671CBF /* Base */ = {isa = PBXFileReference; lastKnownFileType = file.storyboard; name = Base; path = Base.lproj/LaunchScreen.storyboard; sourceTree = "<group>"; };
		E8C2EB8C297A2A7F00671CBF /* Info.plist */ = {isa = PBXFileReference; lastKnownFileType = text.plist.xml; path = Info.plist; sourceTree = "<group>"; };
		E8C2EB94297A2C1C00671CBF /* HomeView.swift */ = {isa = PBXFileReference; lastKnownFileType = sourcecode.swift; path = HomeView.swift; sourceTree = "<group>"; };
		E8C2EB95297A2C1C00671CBF /* HomeView.xib */ = {isa = PBXFileReference; lastKnownFileType = file.xib; path = HomeView.xib; sourceTree = "<group>"; };
		E8C2EB9C297A2CDA00671CBF /* HomeRouter.swift */ = {isa = PBXFileReference; lastKnownFileType = sourcecode.swift; path = HomeRouter.swift; sourceTree = "<group>"; };
		E8C2EBA0297A318000671CBF /* HomeViewModel.swift */ = {isa = PBXFileReference; lastKnownFileType = sourcecode.swift; path = HomeViewModel.swift; sourceTree = "<group>"; };
		E8C2EBA3297A3C2600671CBF /* Constants.swift */ = {isa = PBXFileReference; lastKnownFileType = sourcecode.swift; path = Constants.swift; sourceTree = "<group>"; };
/* End PBXFileReference section */

/* Begin PBXFrameworksBuildPhase section */
		E8C2EB78297A2A7E00671CBF /* Frameworks */ = {
			isa = PBXFrameworksBuildPhase;
			buildActionMask = 2147483647;
			files = (
				E8C2EBAC297A40DA00671CBF /* RxSwift in Frameworks */,
				E8C2EBAA297A40DA00671CBF /* RxCocoa in Frameworks */,
			);
			runOnlyForDeploymentPostprocessing = 0;
		};
/* End PBXFrameworksBuildPhase section */

/* Begin PBXGroup section */
		E8C2EB72297A2A7E00671CBF = {
			isa = PBXGroup;
			children = (
				E8C2EB7D297A2A7E00671CBF /* MoviesAppRxSwift */,
				E8C2EB7C297A2A7E00671CBF /* Products */,
			);
			sourceTree = "<group>";
		};
		E8C2EB7C297A2A7E00671CBF /* Products */ = {
			isa = PBXGroup;
			children = (
				E8C2EB7B297A2A7E00671CBF /* MoviesAppRxSwift.app */,
			);
			name = Products;
			sourceTree = "<group>";
		};
		E8C2EB7D297A2A7E00671CBF /* MoviesAppRxSwift */ = {
			isa = PBXGroup;
			children = (
				E8C2EB7E297A2A7E00671CBF /* AppDelegate.swift */,
				E8C2EB80297A2A7E00671CBF /* SceneDelegate.swift */,
				E8C2EBA2297A3BE100671CBF /* Resources */,
				E8C2EB92297A2ACC00671CBF /* Home */,
				E8C2EB93297A2AE500671CBF /* DetailView */,
				E8C2EB87297A2A7F00671CBF /* Assets.xcassets */,
				E8C2EB89297A2A7F00671CBF /* LaunchScreen.storyboard */,
				E8C2EB8C297A2A7F00671CBF /* Info.plist */,
			);
			path = MoviesAppRxSwift;
			sourceTree = "<group>";
		};
		E8C2EB92297A2ACC00671CBF /* Home */ = {
			isa = PBXGroup;
			children = (
				E8C2EB9F297A314400671CBF /* Model */,
				E8C2EB98297A2C9500671CBF /* View */,
				E8C2EB9E297A311300671CBF /* ViewModel */,
				E8C2EB99297A2CA400671CBF /* Router */,
			);
			path = Home;
			sourceTree = "<group>";
		};
		E8C2EB93297A2AE500671CBF /* DetailView */ = {
			isa = PBXGroup;
			children = (
			);
			path = DetailView;
			sourceTree = "<group>";
		};
		E8C2EB98297A2C9500671CBF /* View */ = {
			isa = PBXGroup;
			children = (
				E8C2EB94297A2C1C00671CBF /* HomeView.swift */,
				E8C2EB95297A2C1C00671CBF /* HomeView.xib */,
			);
			path = View;
			sourceTree = "<group>";
		};
		E8C2EB99297A2CA400671CBF /* Router */ = {
			isa = PBXGroup;
			children = (
				E8C2EB9C297A2CDA00671CBF /* HomeRouter.swift */,
			);
			path = Router;
			sourceTree = "<group>";
		};
		E8C2EB9E297A311300671CBF /* ViewModel */ = {
			isa = PBXGroup;
			children = (
				E8C2EBA0297A318000671CBF /* HomeViewModel.swift */,
			);
			path = ViewModel;
			sourceTree = "<group>";
		};
		E8C2EB9F297A314400671CBF /* Model */ = {
			isa = PBXGroup;
			children = (
			);
			path = Model;
			sourceTree = "<group>";
		};
		E8C2EBA2297A3BE100671CBF /* Resources */ = {
			isa = PBXGroup;
			children = (
				E8C2EBA3297A3C2600671CBF /* Constants.swift */,
			);
			path = Resources;
			sourceTree = "<group>";
		};
/* End PBXGroup section */

/* Begin PBXNativeTarget section */
		E8C2EB7A297A2A7E00671CBF /* MoviesAppRxSwift */ = {
			isa = PBXNativeTarget;
			buildConfigurationList = E8C2EB8F297A2A7F00671CBF /* Build configuration list for PBXNativeTarget "MoviesAppRxSwift" */;
			buildPhases = (
				E8C2EB77297A2A7E00671CBF /* Sources */,
				E8C2EB78297A2A7E00671CBF /* Frameworks */,
				E8C2EB79297A2A7E00671CBF /* Resources */,
			);
			buildRules = (
			);
			dependencies = (
			);
			name = MoviesAppRxSwift;
			packageProductDependencies = (
				E8C2EBA9297A40DA00671CBF /* RxCocoa */,
				E8C2EBAB297A40DA00671CBF /* RxSwift */,
			);
			productName = MoviesAppRxSwift;
			productReference = E8C2EB7B297A2A7E00671CBF /* MoviesAppRxSwift.app */;
			productType = "com.apple.product-type.application";
		};
/* End PBXNativeTarget section */

/* Begin PBXProject section */
		E8C2EB73297A2A7E00671CBF /* Project object */ = {
			isa = PBXProject;
			attributes = {
				BuildIndependentTargetsInParallel = 1;
				LastSwiftUpdateCheck = 1420;
				LastUpgradeCheck = 1420;
				TargetAttributes = {
					E8C2EB7A297A2A7E00671CBF = {
						CreatedOnToolsVersion = 14.2;
					};
				};
			};
			buildConfigurationList = E8C2EB76297A2A7E00671CBF /* Build configuration list for PBXProject "MoviesAppRxSwift" */;
			compatibilityVersion = "Xcode 14.0";
			developmentRegion = en;
			hasScannedForEncodings = 0;
			knownRegions = (
				en,
				Base,
			);
			mainGroup = E8C2EB72297A2A7E00671CBF;
			packageReferences = (
				E8C2EBA8297A40DA00671CBF /* XCRemoteSwiftPackageReference "RxSwift" */,
			);
			productRefGroup = E8C2EB7C297A2A7E00671CBF /* Products */;
			projectDirPath = "";
			projectRoot = "";
			targets = (
				E8C2EB7A297A2A7E00671CBF /* MoviesAppRxSwift */,
			);
		};
/* End PBXProject section */

/* Begin PBXResourcesBuildPhase section */
		E8C2EB79297A2A7E00671CBF /* Resources */ = {
			isa = PBXResourcesBuildPhase;
			buildActionMask = 2147483647;
			files = (
				E8C2EB8B297A2A7F00671CBF /* LaunchScreen.storyboard in Resources */,
				E8C2EB88297A2A7F00671CBF /* Assets.xcassets in Resources */,
				E8C2EB97297A2C1C00671CBF /* HomeView.xib in Resources */,
			);
			runOnlyForDeploymentPostprocessing = 0;
		};
/* End PBXResourcesBuildPhase section */

/* Begin PBXSourcesBuildPhase section */
		E8C2EB77297A2A7E00671CBF /* Sources */ = {
			isa = PBXSourcesBuildPhase;
			buildActionMask = 2147483647;
			files = (
				E8C2EB96297A2C1C00671CBF /* HomeView.swift in Sources */,
				E8C2EB9D297A2CDA00671CBF /* HomeRouter.swift in Sources */,
				E8C2EB7F297A2A7E00671CBF /* AppDelegate.swift in Sources */,
				E8C2EBA1297A318000671CBF /* HomeViewModel.swift in Sources */,
				E8C2EB81297A2A7E00671CBF /* SceneDelegate.swift in Sources */,
				E8C2EBA4297A3C2600671CBF /* Constants.swift in Sources */,
			);
			runOnlyForDeploymentPostprocessing = 0;
		};
/* End PBXSourcesBuildPhase section */

/* Begin PBXVariantGroup section */
		E8C2EB89297A2A7F00671CBF /* LaunchScreen.storyboard */ = {
			isa = PBXVariantGroup;
			children = (
				E8C2EB8A297A2A7F00671CBF /* Base */,
			);
			name = LaunchScreen.storyboard;
			sourceTree = "<group>";
		};
/* End PBXVariantGroup section */

/* Begin XCBuildConfiguration section */
		E8C2EB8D297A2A7F00671CBF /* Debug */ = {
			isa = XCBuildConfiguration;
			buildSettings = {
				ALWAYS_SEARCH_USER_PATHS = NO;
				CLANG_ANALYZER_NONNULL = YES;
				CLANG_ANALYZER_NUMBER_OBJECT_CONVERSION = YES_AGGRESSIVE;
				CLANG_CXX_LANGUAGE_STANDARD = "gnu++20";
				CLANG_ENABLE_MODULES = YES;
				CLANG_ENABLE_OBJC_ARC = YES;
				CLANG_ENABLE_OBJC_WEAK = YES;
				CLANG_WARN_BLOCK_CAPTURE_AUTORELEASING = YES;
				CLANG_WARN_BOOL_CONVERSION = YES;
				CLANG_WARN_COMMA = YES;
				CLANG_WARN_CONSTANT_CONVERSION = YES;
				CLANG_WARN_DEPRECATED_OBJC_IMPLEMENTATIONS = YES;
				CLANG_WARN_DIRECT_OBJC_ISA_USAGE = YES_ERROR;
				CLANG_WARN_DOCUMENTATION_COMMENTS = YES;
				CLANG_WARN_EMPTY_BODY = YES;
				CLANG_WARN_ENUM_CONVERSION = YES;
				CLANG_WARN_INFINITE_RECURSION = YES;
				CLANG_WARN_INT_CONVERSION = YES;
				CLANG_WARN_NON_LITERAL_NULL_CONVERSION = YES;
				CLANG_WARN_OBJC_IMPLICIT_RETAIN_SELF = YES;
				CLANG_WARN_OBJC_LITERAL_CONVERSION = YES;
				CLANG_WARN_OBJC_ROOT_CLASS = YES_ERROR;
				CLANG_WARN_QUOTED_INCLUDE_IN_FRAMEWORK_HEADER = YES;
				CLANG_WARN_RANGE_LOOP_ANALYSIS = YES;
				CLANG_WARN_STRICT_PROTOTYPES = YES;
				CLANG_WARN_SUSPICIOUS_MOVE = YES;
				CLANG_WARN_UNGUARDED_AVAILABILITY = YES_AGGRESSIVE;
				CLANG_WARN_UNREACHABLE_CODE = YES;
				CLANG_WARN__DUPLICATE_METHOD_MATCH = YES;
				COPY_PHASE_STRIP = NO;
				DEBUG_INFORMATION_FORMAT = dwarf;
				ENABLE_STRICT_OBJC_MSGSEND = YES;
				ENABLE_TESTABILITY = YES;
				GCC_C_LANGUAGE_STANDARD = gnu11;
				GCC_DYNAMIC_NO_PIC = NO;
				GCC_NO_COMMON_BLOCKS = YES;
				GCC_OPTIMIZATION_LEVEL = 0;
				GCC_PREPROCESSOR_DEFINITIONS = (
					"DEBUG=1",
					"$(inherited)",
				);
				GCC_WARN_64_TO_32_BIT_CONVERSION = YES;
				GCC_WARN_ABOUT_RETURN_TYPE = YES_ERROR;
				GCC_WARN_UNDECLARED_SELECTOR = YES;
				GCC_WARN_UNINITIALIZED_AUTOS = YES_AGGRESSIVE;
				GCC_WARN_UNUSED_FUNCTION = YES;
				GCC_WARN_UNUSED_VARIABLE = YES;
				IPHONEOS_DEPLOYMENT_TARGET = 16.2;
				MTL_ENABLE_DEBUG_INFO = INCLUDE_SOURCE;
				MTL_FAST_MATH = YES;
				ONLY_ACTIVE_ARCH = YES;
				SDKROOT = iphoneos;
				SWIFT_ACTIVE_COMPILATION_CONDITIONS = DEBUG;
				SWIFT_OPTIMIZATION_LEVEL = "-Onone";
			};
			name = Debug;
		};
		E8C2EB8E297A2A7F00671CBF /* Release */ = {
			isa = XCBuildConfiguration;
			buildSettings = {
				ALWAYS_SEARCH_USER_PATHS = NO;
				CLANG_ANALYZER_NONNULL = YES;
				CLANG_ANALYZER_NUMBER_OBJECT_CONVERSION = YES_AGGRESSIVE;
				CLANG_CXX_LANGUAGE_STANDARD = "gnu++20";
				CLANG_ENABLE_MODULES = YES;
				CLANG_ENABLE_OBJC_ARC = YES;
				CLANG_ENABLE_OBJC_WEAK = YES;
				CLANG_WARN_BLOCK_CAPTURE_AUTORELEASING = YES;
				CLANG_WARN_BOOL_CONVERSION = YES;
				CLANG_WARN_COMMA = YES;
				CLANG_WARN_CONSTANT_CONVERSION = YES;
				CLANG_WARN_DEPRECATED_OBJC_IMPLEMENTATIONS = YES;
				CLANG_WARN_DIRECT_OBJC_ISA_USAGE = YES_ERROR;
				CLANG_WARN_DOCUMENTATION_COMMENTS = YES;
				CLANG_WARN_EMPTY_BODY = YES;
				CLANG_WARN_ENUM_CONVERSION = YES;
				CLANG_WARN_INFINITE_RECURSION = YES;
				CLANG_WARN_INT_CONVERSION = YES;
				CLANG_WARN_NON_LITERAL_NULL_CONVERSION = YES;
				CLANG_WARN_OBJC_IMPLICIT_RETAIN_SELF = YES;
				CLANG_WARN_OBJC_LITERAL_CONVERSION = YES;
				CLANG_WARN_OBJC_ROOT_CLASS = YES_ERROR;
				CLANG_WARN_QUOTED_INCLUDE_IN_FRAMEWORK_HEADER = YES;
				CLANG_WARN_RANGE_LOOP_ANALYSIS = YES;
				CLANG_WARN_STRICT_PROTOTYPES = YES;
				CLANG_WARN_SUSPICIOUS_MOVE = YES;
				CLANG_WARN_UNGUARDED_AVAILABILITY = YES_AGGRESSIVE;
				CLANG_WARN_UNREACHABLE_CODE = YES;
				CLANG_WARN__DUPLICATE_METHOD_MATCH = YES;
				COPY_PHASE_STRIP = NO;
				DEBUG_INFORMATION_FORMAT = "dwarf-with-dsym";
				ENABLE_NS_ASSERTIONS = NO;
				ENABLE_STRICT_OBJC_MSGSEND = YES;
				GCC_C_LANGUAGE_STANDARD = gnu11;
				GCC_NO_COMMON_BLOCKS = YES;
				GCC_WARN_64_TO_32_BIT_CONVERSION = YES;
				GCC_WARN_ABOUT_RETURN_TYPE = YES_ERROR;
				GCC_WARN_UNDECLARED_SELECTOR = YES;
				GCC_WARN_UNINITIALIZED_AUTOS = YES_AGGRESSIVE;
				GCC_WARN_UNUSED_FUNCTION = YES;
				GCC_WARN_UNUSED_VARIABLE = YES;
				IPHONEOS_DEPLOYMENT_TARGET = 16.2;
				MTL_ENABLE_DEBUG_INFO = NO;
				MTL_FAST_MATH = YES;
				SDKROOT = iphoneos;
				SWIFT_COMPILATION_MODE = wholemodule;
				SWIFT_OPTIMIZATION_LEVEL = "-O";
				VALIDATE_PRODUCT = YES;
			};
			name = Release;
		};
		E8C2EB90297A2A7F00671CBF /* Debug */ = {
			isa = XCBuildConfiguration;
			buildSettings = {
				ASSETCATALOG_COMPILER_APPICON_NAME = AppIcon;
				ASSETCATALOG_COMPILER_GLOBAL_ACCENT_COLOR_NAME = AccentColor;
				CODE_SIGN_STYLE = Automatic;
				CURRENT_PROJECT_VERSION = 1;
				DEVELOPMENT_TEAM = U96FCY6RR2;
				GENERATE_INFOPLIST_FILE = YES;
				INFOPLIST_FILE = MoviesAppRxSwift/Info.plist;
				INFOPLIST_KEY_UIApplicationSupportsIndirectInputEvents = YES;
				INFOPLIST_KEY_UILaunchStoryboardName = LaunchScreen;
				INFOPLIST_KEY_UIMainStoryboardFile = "";
				INFOPLIST_KEY_UISupportedInterfaceOrientations_iPad = "UIInterfaceOrientationPortrait UIInterfaceOrientationPortraitUpsideDown UIInterfaceOrientationLandscapeLeft UIInterfaceOrientationLandscapeRight";
				INFOPLIST_KEY_UISupportedInterfaceOrientations_iPhone = "UIInterfaceOrientationPortrait UIInterfaceOrientationLandscapeLeft UIInterfaceOrientationLandscapeRight";
				LD_RUNPATH_SEARCH_PATHS = (
					"$(inherited)",
					"@executable_path/Frameworks",
				);
				MARKETING_VERSION = 1.0;
				PRODUCT_BUNDLE_IDENTIFIER = com.jcry87.MoviesAppRxSwift;
				PRODUCT_NAME = "$(TARGET_NAME)";
				SWIFT_EMIT_LOC_STRINGS = YES;
				SWIFT_VERSION = 5.0;
				TARGETED_DEVICE_FAMILY = "1,2";
			};
			name = Debug;
		};
		E8C2EB91297A2A7F00671CBF /* Release */ = {
			isa = XCBuildConfiguration;
			buildSettings = {
				ASSETCATALOG_COMPILER_APPICON_NAME = AppIcon;
				ASSETCATALOG_COMPILER_GLOBAL_ACCENT_COLOR_NAME = AccentColor;
				CODE_SIGN_STYLE = Automatic;
				CURRENT_PROJECT_VERSION = 1;
				DEVELOPMENT_TEAM = U96FCY6RR2;
				GENERATE_INFOPLIST_FILE = YES;
				INFOPLIST_FILE = MoviesAppRxSwift/Info.plist;
				INFOPLIST_KEY_UIApplicationSupportsIndirectInputEvents = YES;
				INFOPLIST_KEY_UILaunchStoryboardName = LaunchScreen;
				INFOPLIST_KEY_UIMainStoryboardFile = "";
				INFOPLIST_KEY_UISupportedInterfaceOrientations_iPad = "UIInterfaceOrientationPortrait UIInterfaceOrientationPortraitUpsideDown UIInterfaceOrientationLandscapeLeft UIInterfaceOrientationLandscapeRight";
				INFOPLIST_KEY_UISupportedInterfaceOrientations_iPhone = "UIInterfaceOrientationPortrait UIInterfaceOrientationLandscapeLeft UIInterfaceOrientationLandscapeRight";
				LD_RUNPATH_SEARCH_PATHS = (
					"$(inherited)",
					"@executable_path/Frameworks",
				);
				MARKETING_VERSION = 1.0;
				PRODUCT_BUNDLE_IDENTIFIER = com.jcry87.MoviesAppRxSwift;
				PRODUCT_NAME = "$(TARGET_NAME)";
				SWIFT_EMIT_LOC_STRINGS = YES;
				SWIFT_VERSION = 5.0;
				TARGETED_DEVICE_FAMILY = "1,2";
			};
			name = Release;
		};
/* End XCBuildConfiguration section */

/* Begin XCConfigurationList section */
		E8C2EB76297A2A7E00671CBF /* Build configuration list for PBXProject "MoviesAppRxSwift" */ = {
			isa = XCConfigurationList;
			buildConfigurations = (
				E8C2EB8D297A2A7F00671CBF /* Debug */,
				E8C2EB8E297A2A7F00671CBF /* Release */,
			);
			defaultConfigurationIsVisible = 0;
			defaultConfigurationName = Release;
		};
		E8C2EB8F297A2A7F00671CBF /* Build configuration list for PBXNativeTarget "MoviesAppRxSwift" */ = {
			isa = XCConfigurationList;
			buildConfigurations = (
				E8C2EB90297A2A7F00671CBF /* Debug */,
				E8C2EB91297A2A7F00671CBF /* Release */,
			);
			defaultConfigurationIsVisible = 0;
			defaultConfigurationName = Release;
		};
/* End XCConfigurationList section */

/* Begin XCRemoteSwiftPackageReference section */
		E8C2EBA8297A40DA00671CBF /* XCRemoteSwiftPackageReference "RxSwift" */ = {
			isa = XCRemoteSwiftPackageReference;
			repositoryURL = "https://github.com/ReactiveX/RxSwift.git";
			requirement = {
				branch = main;
				kind = branch;
			};
		};
/* End XCRemoteSwiftPackageReference section */

/* Begin XCSwiftPackageProductDependency section */
		E8C2EBA9297A40DA00671CBF /* RxCocoa */ = {
			isa = XCSwiftPackageProductDependency;
			package = E8C2EBA8297A40DA00671CBF /* XCRemoteSwiftPackageReference "RxSwift" */;
			productName = RxCocoa;
		};
		E8C2EBAB297A40DA00671CBF /* RxSwift */ = {
			isa = XCSwiftPackageProductDependency;
			package = E8C2EBA8297A40DA00671CBF /* XCRemoteSwiftPackageReference "RxSwift" */;
			productName = RxSwift;
		};
/* End XCSwiftPackageProductDependency section */
	};
	rootObject = E8C2EB73297A2A7E00671CBF /* Project object */;
}
